
Microsoft Visual Studio Solution File, Format Version 12.00
# Visual Studio 15
VisualStudioVersion = 15.0.28307.539
MinimumVisualStudioVersion = 10.0.40219.1
Project("{FAE04EC0-301F-11D3-BF4B-00C04F79EFBC}") = "SectraCalculator", "SectraCalculator\SectraCalculator.csproj", "{DA97608B-08A3-4F0D-AD3E-B3A23C027EDD}"
EndProject
Global
	GlobalSection(SolutionConfigurationPlatforms) = preSolution
		Debug|Any CPU = Debug|Any CPU
		Release|Any CPU = Release|Any CPU
	EndGlobalSection
	GlobalSection(ProjectConfigurationPlatforms) = postSolution
		{DA97608B-08A3-4F0D-AD3E-B3A23C027EDD}.Debug|Any CPU.ActiveCfg = Debug|Any CPU
		{DA97608B-08A3-4F0D-AD3E-B3A23C027EDD}.Debug|Any CPU.Build.0 = Debug|Any CPU
		{DA97608B-08A3-4F0D-AD3E-B3A23C027EDD}.Release|Any CPU.ActiveCfg = Release|Any CPU
		{DA97608B-08A3-4F0D-AD3E-B3A23C027EDD}.Release|Any CPU.Build.0 = Release|Any CPU
	EndGlobalSection
	GlobalSection(SolutionProperties) = preSolution
		HideSolutionNode = FALSE
	EndGlobalSection
	GlobalSection(ExtensibilityGlobals) = postSolution
		SolutionGuid = {57FCD68E-A8C5-400B-B6D3-BF12CD89619E}
	EndGlobalSection
EndGlobal
